
Microsoft Visual Studio Solution File, Format Version 12.00
# Visual Studio Version 16
VisualStudioVersion = 16.0.30204.135
MinimumVisualStudioVersion = 10.0.40219.1
Project("{FAE04EC0-301F-11D3-BF4B-00C04F79EFBC}") = "NamesScores", "NamesScores\NamesScores.csproj", "{C08D4320-99D6-4DB5-8101-C9EBE60D6386}"
EndProject
Global
	GlobalSection(SolutionConfigurationPlatforms) = preSolution
		Debug|Any CPU = Debug|Any CPU
		Release|Any CPU = Release|Any CPU
	EndGlobalSection
	GlobalSection(ProjectConfigurationPlatforms) = postSolution
		{C08D4320-99D6-4DB5-8101-C9EBE60D6386}.Debug|Any CPU.ActiveCfg = Debug|Any CPU
		{C08D4320-99D6-4DB5-8101-C9EBE60D6386}.Debug|Any CPU.Build.0 = Debug|Any CPU
		{C08D4320-99D6-4DB5-8101-C9EBE60D6386}.Release|Any CPU.ActiveCfg = Release|Any CPU
		{C08D4320-99D6-4DB5-8101-C9EBE60D6386}.Release|Any CPU.Build.0 = Release|Any CPU
	EndGlobalSection
	GlobalSection(SolutionProperties) = preSolution
		HideSolutionNode = FALSE
	EndGlobalSection
	GlobalSection(ExtensibilityGlobals) = postSolution
		SolutionGuid = {CF4302BF-F902-434E-BA71-2B0811DC6A40}
	EndGlobalSection
EndGlobal
