
Microsoft Visual Studio Solution File, Format Version 12.00
# Visual Studio Version 16
VisualStudioVersion = 16.0.30320.27
MinimumVisualStudioVersion = 10.0.40219.1
Project("{FAE04EC0-301F-11D3-BF4B-00C04F79EFBC}") = "DistinctPowers", "DistinctPowers\DistinctPowers.csproj", "{FE82111A-809E-4A17-9B87-9AE50EB9F164}"
EndProject
Global
	GlobalSection(SolutionConfigurationPlatforms) = preSolution
		Debug|Any CPU = Debug|Any CPU
		Release|Any CPU = Release|Any CPU
	EndGlobalSection
	GlobalSection(ProjectConfigurationPlatforms) = postSolution
		{FE82111A-809E-4A17-9B87-9AE50EB9F164}.Debug|Any CPU.ActiveCfg = Debug|Any CPU
		{FE82111A-809E-4A17-9B87-9AE50EB9F164}.Debug|Any CPU.Build.0 = Debug|Any CPU
		{FE82111A-809E-4A17-9B87-9AE50EB9F164}.Release|Any CPU.ActiveCfg = Release|Any CPU
		{FE82111A-809E-4A17-9B87-9AE50EB9F164}.Release|Any CPU.Build.0 = Release|Any CPU
	EndGlobalSection
	GlobalSection(SolutionProperties) = preSolution
		HideSolutionNode = FALSE
	EndGlobalSection
	GlobalSection(ExtensibilityGlobals) = postSolution
		SolutionGuid = {E54FD894-B104-4807-A816-79BDE52B5756}
	EndGlobalSection
EndGlobal
